
Microsoft Visual Studio Solution File, Format Version 12.00
Project("{FAE04EC0-301F-11D3-BF4B-00C04F79EFBC}") = "IntegrationApiClient", "IntegrationApiClient\IntegrationApiClient.csproj", "{012684F2-8E76-43FD-9F60-9AC79C85D794}"
EndProject
Global
	GlobalSection(SolutionConfigurationPlatforms) = preSolution
		Debug|Any CPU = Debug|Any CPU
		Release|Any CPU = Release|Any CPU
	EndGlobalSection
	GlobalSection(ProjectConfigurationPlatforms) = postSolution
		{012684F2-8E76-43FD-9F60-9AC79C85D794}.Debug|Any CPU.ActiveCfg = Debug|Any CPU
		{012684F2-8E76-43FD-9F60-9AC79C85D794}.Debug|Any CPU.Build.0 = Debug|Any CPU
		{012684F2-8E76-43FD-9F60-9AC79C85D794}.Release|Any CPU.ActiveCfg = Release|Any CPU
		{012684F2-8E76-43FD-9F60-9AC79C85D794}.Release|Any CPU.Build.0 = Release|Any CPU
	EndGlobalSection
EndGlobal
